
Microsoft Visual Studio Solution File, Format Version 12.00
# Visual Studio Version 17
VisualStudioVersion = 17.5.002.0
MinimumVisualStudioVersion = 10.0.40219.1
Project("{9A19103F-16F7-4668-BE54-9A1E7A4F7556}") = "Travsy-Backend-DotNet", "Travsy-Backend-DotNet.csproj", "{9DC67273-6DED-4CB4-82F2-F0B7B238D1CE}"
EndProject
Global
	GlobalSection(SolutionConfigurationPlatforms) = preSolution
		Debug|Any CPU = Debug|Any CPU
		Release|Any CPU = Release|Any CPU
	EndGlobalSection
	GlobalSection(ProjectConfigurationPlatforms) = postSolution
		{9DC67273-6DED-4CB4-82F2-F0B7B238D1CE}.Debug|Any CPU.ActiveCfg = Debug|Any CPU
		{9DC67273-6DED-4CB4-82F2-F0B7B238D1CE}.Debug|Any CPU.Build.0 = Debug|Any CPU
		{9DC67273-6DED-4CB4-82F2-F0B7B238D1CE}.Release|Any CPU.ActiveCfg = Release|Any CPU
		{9DC67273-6DED-4CB4-82F2-F0B7B238D1CE}.Release|Any CPU.Build.0 = Release|Any CPU
	EndGlobalSection
	GlobalSection(SolutionProperties) = preSolution
		HideSolutionNode = FALSE
	EndGlobalSection
	GlobalSection(ExtensibilityGlobals) = postSolution
		SolutionGuid = {83BCCCAB-E831-4781-83AF-A1EA8104F4BC}
	EndGlobalSection
EndGlobal
